{
    "name": "gse-wasm",
    "version": "0.1.1",
    "lockfileVersion": 1,
    "requires": true,
    "dependencies": {
        "@types/webassembly-js-api": {
            "version": "github:Xmader/webassembly-js-api#d3a8734e4bfc331581c716ab31f8eafb8400d520",
            "from": "github:Xmader/webassembly-js-api",
            "dev": true
        }
    }
}
